
Microsoft Visual Studio Solution File, Format Version 12.00
# Visual Studio 15
VisualStudioVersion = 15.0.28307.329
MinimumVisualStudioVersion = 10.0.40219.1
Project("{FAE04EC0-301F-11D3-BF4B-00C04F79EFBC}") = "Task3", "Task3\Task3.csproj", "{6521087D-2162-4935-A0A2-E464B7BD9E1F}"
EndProject
Global
	GlobalSection(SolutionConfigurationPlatforms) = preSolution
		Debug|Any CPU = Debug|Any CPU
		Release|Any CPU = Release|Any CPU
	EndGlobalSection
	GlobalSection(ProjectConfigurationPlatforms) = postSolution
		{6521087D-2162-4935-A0A2-E464B7BD9E1F}.Debug|Any CPU.ActiveCfg = Debug|Any CPU
		{6521087D-2162-4935-A0A2-E464B7BD9E1F}.Debug|Any CPU.Build.0 = Debug|Any CPU
		{6521087D-2162-4935-A0A2-E464B7BD9E1F}.Release|Any CPU.ActiveCfg = Release|Any CPU
		{6521087D-2162-4935-A0A2-E464B7BD9E1F}.Release|Any CPU.Build.0 = Release|Any CPU
	EndGlobalSection
	GlobalSection(SolutionProperties) = preSolution
		HideSolutionNode = FALSE
	EndGlobalSection
	GlobalSection(ExtensibilityGlobals) = postSolution
		SolutionGuid = {EDB21588-1C6A-4F29-B91E-B7B1F06D9300}
	EndGlobalSection
EndGlobal
