
Microsoft Visual Studio Solution File, Format Version 12.00
# Visual Studio 15
VisualStudioVersion = 15.0.28307.329
MinimumVisualStudioVersion = 10.0.40219.1
Project("{FAE04EC0-301F-11D3-BF4B-00C04F79EFBC}") = "Task1", "Task1\Task1.csproj", "{94051905-2A8E-42A3-9899-5B813C689BDB}"
EndProject
Global
	GlobalSection(SolutionConfigurationPlatforms) = preSolution
		Debug|Any CPU = Debug|Any CPU
		Release|Any CPU = Release|Any CPU
	EndGlobalSection
	GlobalSection(ProjectConfigurationPlatforms) = postSolution
		{94051905-2A8E-42A3-9899-5B813C689BDB}.Debug|Any CPU.ActiveCfg = Debug|Any CPU
		{94051905-2A8E-42A3-9899-5B813C689BDB}.Debug|Any CPU.Build.0 = Debug|Any CPU
		{94051905-2A8E-42A3-9899-5B813C689BDB}.Release|Any CPU.ActiveCfg = Release|Any CPU
		{94051905-2A8E-42A3-9899-5B813C689BDB}.Release|Any CPU.Build.0 = Release|Any CPU
	EndGlobalSection
	GlobalSection(SolutionProperties) = preSolution
		HideSolutionNode = FALSE
	EndGlobalSection
	GlobalSection(ExtensibilityGlobals) = postSolution
		SolutionGuid = {48ED60BB-F2BB-408B-AB6A-BA8D358F69CD}
	EndGlobalSection
EndGlobal
