
Microsoft Visual Studio Solution File, Format Version 12.00
# Visual Studio 15
VisualStudioVersion = 15.0.28307.329
MinimumVisualStudioVersion = 10.0.40219.1
Project("{FAE04EC0-301F-11D3-BF4B-00C04F79EFBC}") = "Task2", "Task2\Task2.csproj", "{34673EE8-5929-4E80-B6B4-9451F5B8997B}"
EndProject
Global
	GlobalSection(SolutionConfigurationPlatforms) = preSolution
		Debug|Any CPU = Debug|Any CPU
		Release|Any CPU = Release|Any CPU
	EndGlobalSection
	GlobalSection(ProjectConfigurationPlatforms) = postSolution
		{34673EE8-5929-4E80-B6B4-9451F5B8997B}.Debug|Any CPU.ActiveCfg = Debug|Any CPU
		{34673EE8-5929-4E80-B6B4-9451F5B8997B}.Debug|Any CPU.Build.0 = Debug|Any CPU
		{34673EE8-5929-4E80-B6B4-9451F5B8997B}.Release|Any CPU.ActiveCfg = Release|Any CPU
		{34673EE8-5929-4E80-B6B4-9451F5B8997B}.Release|Any CPU.Build.0 = Release|Any CPU
	EndGlobalSection
	GlobalSection(SolutionProperties) = preSolution
		HideSolutionNode = FALSE
	EndGlobalSection
	GlobalSection(ExtensibilityGlobals) = postSolution
		SolutionGuid = {C54EF7F3-B2F3-4DEB-B55E-0B00425DD8A4}
	EndGlobalSection
EndGlobal
