
Microsoft Visual Studio Solution File, Format Version 12.00
# Visual Studio 15
VisualStudioVersion = 15.0.28307.329
MinimumVisualStudioVersion = 10.0.40219.1
Project("{FAE04EC0-301F-11D3-BF4B-00C04F79EFBC}") = "Task1", "Task1\Task1.csproj", "{BB87532B-BA18-443A-A65F-35F4F8E8570F}"
EndProject
Global
	GlobalSection(SolutionConfigurationPlatforms) = preSolution
		Debug|Any CPU = Debug|Any CPU
		Release|Any CPU = Release|Any CPU
	EndGlobalSection
	GlobalSection(ProjectConfigurationPlatforms) = postSolution
		{BB87532B-BA18-443A-A65F-35F4F8E8570F}.Debug|Any CPU.ActiveCfg = Debug|Any CPU
		{BB87532B-BA18-443A-A65F-35F4F8E8570F}.Debug|Any CPU.Build.0 = Debug|Any CPU
		{BB87532B-BA18-443A-A65F-35F4F8E8570F}.Release|Any CPU.ActiveCfg = Release|Any CPU
		{BB87532B-BA18-443A-A65F-35F4F8E8570F}.Release|Any CPU.Build.0 = Release|Any CPU
	EndGlobalSection
	GlobalSection(SolutionProperties) = preSolution
		HideSolutionNode = FALSE
	EndGlobalSection
	GlobalSection(ExtensibilityGlobals) = postSolution
		SolutionGuid = {13BB7B72-D87E-4C7F-9C82-7B442CE5F9C0}
	EndGlobalSection
EndGlobal
