
Microsoft Visual Studio Solution File, Format Version 12.00
# Visual Studio 15
VisualStudioVersion = 15.0.28307.329
MinimumVisualStudioVersion = 10.0.40219.1
Project("{FAE04EC0-301F-11D3-BF4B-00C04F79EFBC}") = "Krug_Timer", "Krug_Timer\Krug_Timer.csproj", "{577C9F4D-B045-4F88-9486-952DAF3D1D59}"
EndProject
Global
	GlobalSection(SolutionConfigurationPlatforms) = preSolution
		Debug|Any CPU = Debug|Any CPU
		Release|Any CPU = Release|Any CPU
	EndGlobalSection
	GlobalSection(ProjectConfigurationPlatforms) = postSolution
		{577C9F4D-B045-4F88-9486-952DAF3D1D59}.Debug|Any CPU.ActiveCfg = Debug|Any CPU
		{577C9F4D-B045-4F88-9486-952DAF3D1D59}.Debug|Any CPU.Build.0 = Debug|Any CPU
		{577C9F4D-B045-4F88-9486-952DAF3D1D59}.Release|Any CPU.ActiveCfg = Release|Any CPU
		{577C9F4D-B045-4F88-9486-952DAF3D1D59}.Release|Any CPU.Build.0 = Release|Any CPU
	EndGlobalSection
	GlobalSection(SolutionProperties) = preSolution
		HideSolutionNode = FALSE
	EndGlobalSection
	GlobalSection(ExtensibilityGlobals) = postSolution
		SolutionGuid = {AA2E894B-CB4D-4A52-9C27-0F75FE0E1ADA}
	EndGlobalSection
EndGlobal
