
Microsoft Visual Studio Solution File, Format Version 12.00
# Visual Studio 15
VisualStudioVersion = 15.0.28307.271
MinimumVisualStudioVersion = 10.0.40219.1
Project("{FAE04EC0-301F-11D3-BF4B-00C04F79EFBC}") = "quiz3", "quiz3\quiz3.csproj", "{2279B64E-87CE-493A-BFF8-556A213B0321}"
EndProject
Global
	GlobalSection(SolutionConfigurationPlatforms) = preSolution
		Debug|Any CPU = Debug|Any CPU
		Release|Any CPU = Release|Any CPU
	EndGlobalSection
	GlobalSection(ProjectConfigurationPlatforms) = postSolution
		{2279B64E-87CE-493A-BFF8-556A213B0321}.Debug|Any CPU.ActiveCfg = Debug|Any CPU
		{2279B64E-87CE-493A-BFF8-556A213B0321}.Debug|Any CPU.Build.0 = Debug|Any CPU
		{2279B64E-87CE-493A-BFF8-556A213B0321}.Release|Any CPU.ActiveCfg = Release|Any CPU
		{2279B64E-87CE-493A-BFF8-556A213B0321}.Release|Any CPU.Build.0 = Release|Any CPU
	EndGlobalSection
	GlobalSection(SolutionProperties) = preSolution
		HideSolutionNode = FALSE
	EndGlobalSection
	GlobalSection(ExtensibilityGlobals) = postSolution
		SolutionGuid = {FAE22921-39FF-499C-81DF-83090000851E}
	EndGlobalSection
EndGlobal
